
Microsoft Visual Studio Solution File, Format Version 11.00
# Visual Studio 2010
Project("{FAE04EC0-301F-11D3-BF4B-00C04F79EFBC}") = "HelloWorld", "HelloWorld\HelloWorld.csproj", "{D5DC29ED-A645-4864-8ACA-9C3D77C45239}"
EndProject
Project("{FAE04EC0-301F-11D3-BF4B-00C04F79EFBC}") = "LearningWindows", "LearningWindows\LearningWindows.csproj", "{712FBBBA-DC18-4675-AF37-033FEB0071DE}"
EndProject
Project("{54435603-DBB4-11D2-8724-00A0C9A8B90C}") = "Distribution", "Distribution\Distribution.vdproj", "{DA383A56-E430-4420-999D-F52786A424D7}"
EndProject
Project("{FAE04EC0-301F-11D3-BF4B-00C04F79EFBC}") = "DoubleGlazer", "DoubleGlazer\DoubleGlazer.csproj", "{C0DE557C-BE33-45A0-A34B-CE3B66E8F0A1}"
EndProject
Project("{FAE04EC0-301F-11D3-BF4B-00C04F79EFBC}") = "Hello_World", "Hello_World\Hello_World.csproj", "{5A16AB14-D59D-4F44-8610-ECC93C7DFE14}"
EndProject
Project("{FAE04EC0-301F-11D3-BF4B-00C04F79EFBC}") = "Decisions", "Decisions\Decisions.csproj", "{915B1014-3668-49CE-9A7C-E2733FCC8BB4}"
EndProject
Project("{FAE04EC0-301F-11D3-BF4B-00C04F79EFBC}") = "ForIterations", "ForIterations\ForIterations.csproj", "{CD2E24A9-3ED3-4F55-B7CF-5C526DDA3386}"
EndProject
Project("{FAE04EC0-301F-11D3-BF4B-00C04F79EFBC}") = "UnderstandingArrays", "UnderstandingArrays\UnderstandingArrays.csproj", "{C5694C39-2BA9-41E3-8D4D-F8ECD373B458}"
EndProject
Global
	GlobalSection(SolutionConfigurationPlatforms) = preSolution
		Debug|x86 = Debug|x86
		Release|x86 = Release|x86
	EndGlobalSection
	GlobalSection(ProjectConfigurationPlatforms) = postSolution
		{D5DC29ED-A645-4864-8ACA-9C3D77C45239}.Debug|x86.ActiveCfg = Debug|x86
		{D5DC29ED-A645-4864-8ACA-9C3D77C45239}.Debug|x86.Build.0 = Debug|x86
		{D5DC29ED-A645-4864-8ACA-9C3D77C45239}.Release|x86.ActiveCfg = Release|x86
		{D5DC29ED-A645-4864-8ACA-9C3D77C45239}.Release|x86.Build.0 = Release|x86
		{712FBBBA-DC18-4675-AF37-033FEB0071DE}.Debug|x86.ActiveCfg = Debug|x86
		{712FBBBA-DC18-4675-AF37-033FEB0071DE}.Debug|x86.Build.0 = Debug|x86
		{712FBBBA-DC18-4675-AF37-033FEB0071DE}.Release|x86.ActiveCfg = Release|x86
		{712FBBBA-DC18-4675-AF37-033FEB0071DE}.Release|x86.Build.0 = Release|x86
		{DA383A56-E430-4420-999D-F52786A424D7}.Debug|x86.ActiveCfg = Debug
		{DA383A56-E430-4420-999D-F52786A424D7}.Release|x86.ActiveCfg = Release
		{C0DE557C-BE33-45A0-A34B-CE3B66E8F0A1}.Debug|x86.ActiveCfg = Debug|x86
		{C0DE557C-BE33-45A0-A34B-CE3B66E8F0A1}.Debug|x86.Build.0 = Debug|x86
		{C0DE557C-BE33-45A0-A34B-CE3B66E8F0A1}.Release|x86.ActiveCfg = Release|x86
		{C0DE557C-BE33-45A0-A34B-CE3B66E8F0A1}.Release|x86.Build.0 = Release|x86
		{5A16AB14-D59D-4F44-8610-ECC93C7DFE14}.Debug|x86.ActiveCfg = Debug|x86
		{5A16AB14-D59D-4F44-8610-ECC93C7DFE14}.Debug|x86.Build.0 = Debug|x86
		{5A16AB14-D59D-4F44-8610-ECC93C7DFE14}.Release|x86.ActiveCfg = Release|x86
		{5A16AB14-D59D-4F44-8610-ECC93C7DFE14}.Release|x86.Build.0 = Release|x86
		{915B1014-3668-49CE-9A7C-E2733FCC8BB4}.Debug|x86.ActiveCfg = Debug|x86
		{915B1014-3668-49CE-9A7C-E2733FCC8BB4}.Debug|x86.Build.0 = Debug|x86
		{915B1014-3668-49CE-9A7C-E2733FCC8BB4}.Release|x86.ActiveCfg = Release|x86
		{915B1014-3668-49CE-9A7C-E2733FCC8BB4}.Release|x86.Build.0 = Release|x86
		{CD2E24A9-3ED3-4F55-B7CF-5C526DDA3386}.Debug|x86.ActiveCfg = Debug|x86
		{CD2E24A9-3ED3-4F55-B7CF-5C526DDA3386}.Debug|x86.Build.0 = Debug|x86
		{CD2E24A9-3ED3-4F55-B7CF-5C526DDA3386}.Release|x86.ActiveCfg = Release|x86
		{CD2E24A9-3ED3-4F55-B7CF-5C526DDA3386}.Release|x86.Build.0 = Release|x86
		{C5694C39-2BA9-41E3-8D4D-F8ECD373B458}.Debug|x86.ActiveCfg = Debug|x86
		{C5694C39-2BA9-41E3-8D4D-F8ECD373B458}.Debug|x86.Build.0 = Debug|x86
		{C5694C39-2BA9-41E3-8D4D-F8ECD373B458}.Release|x86.ActiveCfg = Release|x86
		{C5694C39-2BA9-41E3-8D4D-F8ECD373B458}.Release|x86.Build.0 = Release|x86
	EndGlobalSection
	GlobalSection(SolutionProperties) = preSolution
		HideSolutionNode = FALSE
	EndGlobalSection
EndGlobal
