
Microsoft Visual Studio Solution File, Format Version 12.00
# Visual Studio 2012
Project("{FAE04EC0-301F-11D3-BF4B-00C04F79EFBC}") = "HelloWorld", "HelloWorld\HelloWorld.csproj", "{D5DC29ED-A645-4864-8ACA-9C3D77C45239}"
EndProject
Project("{FAE04EC0-301F-11D3-BF4B-00C04F79EFBC}") = "LearningWindows", "LearningWindows\LearningWindows.csproj", "{712FBBBA-DC18-4675-AF37-033FEB0071DE}"
EndProject
Project("{FAE04EC0-301F-11D3-BF4B-00C04F79EFBC}") = "DoubleGlazer", "DoubleGlazer\DoubleGlazer.csproj", "{C0DE557C-BE33-45A0-A34B-CE3B66E8F0A1}"
EndProject
Project("{FAE04EC0-301F-11D3-BF4B-00C04F79EFBC}") = "Hello_World", "Hello_World\Hello_World.csproj", "{5A16AB14-D59D-4F44-8610-ECC93C7DFE14}"
EndProject
Project("{FAE04EC0-301F-11D3-BF4B-00C04F79EFBC}") = "Decisions", "Decisions\Decisions.csproj", "{915B1014-3668-49CE-9A7C-E2733FCC8BB4}"
EndProject
Project("{FAE04EC0-301F-11D3-BF4B-00C04F79EFBC}") = "ForIterations", "ForIterations\ForIterations.csproj", "{CD2E24A9-3ED3-4F55-B7CF-5C526DDA3386}"
EndProject
Project("{FAE04EC0-301F-11D3-BF4B-00C04F79EFBC}") = "UnderstandingArrays", "UnderstandingArrays\UnderstandingArrays.csproj", "{C5694C39-2BA9-41E3-8D4D-F8ECD373B458}"
EndProject
Project("{FAE04EC0-301F-11D3-BF4B-00C04F79EFBC}") = "HelperMethods", "HelperMethods\HelperMethods.csproj", "{0E2E567E-EC3B-4C35-8699-5FF3BF4C5EB6}"
EndProject
Project("{FAE04EC0-301F-11D3-BF4B-00C04F79EFBC}") = "ReadTextFileWhile", "ReadTextFileWhile\ReadTextFileWhile.csproj", "{916584DA-AB74-4584-BA24-C8D5F0971052}"
EndProject
Project("{FAE04EC0-301F-11D3-BF4B-00C04F79EFBC}") = "Strings", "Strings\Strings.csproj", "{0898C2C1-6C97-4B65-B786-ABFB13E672F7}"
EndProject
Project("{FAE04EC0-301F-11D3-BF4B-00C04F79EFBC}") = "DatesAndTimes", "DatesAndTimes\DatesAndTimes.csproj", "{D129BCE2-00B4-4274-8E14-AD9D54D38B01}"
EndProject
Project("{FAE04EC0-301F-11D3-BF4B-00C04F79EFBC}") = "SimpleClasses", "SimpleClasses\SimpleClasses.csproj", "{BF91E24B-EB0E-4120-9A1A-C71A1115172A}"
EndProject
Project("{FAE04EC0-301F-11D3-BF4B-00C04F79EFBC}") = "ByRefByVal", "ConsoleApplication1\ByRefByVal.csproj", "{71DE664D-3DCA-4F7A-8E44-412033A605C3}"
EndProject
Global
	GlobalSection(SolutionConfigurationPlatforms) = preSolution
		Debug|Any CPU = Debug|Any CPU
		Debug|Mixed Platforms = Debug|Mixed Platforms
		Debug|x86 = Debug|x86
		Release|Any CPU = Release|Any CPU
		Release|Mixed Platforms = Release|Mixed Platforms
		Release|x86 = Release|x86
	EndGlobalSection
	GlobalSection(ProjectConfigurationPlatforms) = postSolution
		{D5DC29ED-A645-4864-8ACA-9C3D77C45239}.Debug|Any CPU.ActiveCfg = Debug|x86
		{D5DC29ED-A645-4864-8ACA-9C3D77C45239}.Debug|Mixed Platforms.ActiveCfg = Debug|x86
		{D5DC29ED-A645-4864-8ACA-9C3D77C45239}.Debug|Mixed Platforms.Build.0 = Debug|x86
		{D5DC29ED-A645-4864-8ACA-9C3D77C45239}.Debug|x86.ActiveCfg = Debug|x86
		{D5DC29ED-A645-4864-8ACA-9C3D77C45239}.Debug|x86.Build.0 = Debug|x86
		{D5DC29ED-A645-4864-8ACA-9C3D77C45239}.Release|Any CPU.ActiveCfg = Release|x86
		{D5DC29ED-A645-4864-8ACA-9C3D77C45239}.Release|Mixed Platforms.ActiveCfg = Release|x86
		{D5DC29ED-A645-4864-8ACA-9C3D77C45239}.Release|Mixed Platforms.Build.0 = Release|x86
		{D5DC29ED-A645-4864-8ACA-9C3D77C45239}.Release|x86.ActiveCfg = Release|x86
		{D5DC29ED-A645-4864-8ACA-9C3D77C45239}.Release|x86.Build.0 = Release|x86
		{712FBBBA-DC18-4675-AF37-033FEB0071DE}.Debug|Any CPU.ActiveCfg = Debug|x86
		{712FBBBA-DC18-4675-AF37-033FEB0071DE}.Debug|Mixed Platforms.ActiveCfg = Debug|x86
		{712FBBBA-DC18-4675-AF37-033FEB0071DE}.Debug|Mixed Platforms.Build.0 = Debug|x86
		{712FBBBA-DC18-4675-AF37-033FEB0071DE}.Debug|x86.ActiveCfg = Debug|x86
		{712FBBBA-DC18-4675-AF37-033FEB0071DE}.Debug|x86.Build.0 = Debug|x86
		{712FBBBA-DC18-4675-AF37-033FEB0071DE}.Release|Any CPU.ActiveCfg = Release|x86
		{712FBBBA-DC18-4675-AF37-033FEB0071DE}.Release|Mixed Platforms.ActiveCfg = Release|x86
		{712FBBBA-DC18-4675-AF37-033FEB0071DE}.Release|Mixed Platforms.Build.0 = Release|x86
		{712FBBBA-DC18-4675-AF37-033FEB0071DE}.Release|x86.ActiveCfg = Release|x86
		{712FBBBA-DC18-4675-AF37-033FEB0071DE}.Release|x86.Build.0 = Release|x86
		{C0DE557C-BE33-45A0-A34B-CE3B66E8F0A1}.Debug|Any CPU.ActiveCfg = Debug|x86
		{C0DE557C-BE33-45A0-A34B-CE3B66E8F0A1}.Debug|Mixed Platforms.ActiveCfg = Debug|x86
		{C0DE557C-BE33-45A0-A34B-CE3B66E8F0A1}.Debug|Mixed Platforms.Build.0 = Debug|x86
		{C0DE557C-BE33-45A0-A34B-CE3B66E8F0A1}.Debug|x86.ActiveCfg = Debug|x86
		{C0DE557C-BE33-45A0-A34B-CE3B66E8F0A1}.Debug|x86.Build.0 = Debug|x86
		{C0DE557C-BE33-45A0-A34B-CE3B66E8F0A1}.Release|Any CPU.ActiveCfg = Release|x86
		{C0DE557C-BE33-45A0-A34B-CE3B66E8F0A1}.Release|Mixed Platforms.ActiveCfg = Release|x86
		{C0DE557C-BE33-45A0-A34B-CE3B66E8F0A1}.Release|Mixed Platforms.Build.0 = Release|x86
		{C0DE557C-BE33-45A0-A34B-CE3B66E8F0A1}.Release|x86.ActiveCfg = Release|x86
		{C0DE557C-BE33-45A0-A34B-CE3B66E8F0A1}.Release|x86.Build.0 = Release|x86
		{5A16AB14-D59D-4F44-8610-ECC93C7DFE14}.Debug|Any CPU.ActiveCfg = Debug|x86
		{5A16AB14-D59D-4F44-8610-ECC93C7DFE14}.Debug|Mixed Platforms.ActiveCfg = Debug|x86
		{5A16AB14-D59D-4F44-8610-ECC93C7DFE14}.Debug|Mixed Platforms.Build.0 = Debug|x86
		{5A16AB14-D59D-4F44-8610-ECC93C7DFE14}.Debug|x86.ActiveCfg = Debug|x86
		{5A16AB14-D59D-4F44-8610-ECC93C7DFE14}.Debug|x86.Build.0 = Debug|x86
		{5A16AB14-D59D-4F44-8610-ECC93C7DFE14}.Release|Any CPU.ActiveCfg = Release|x86
		{5A16AB14-D59D-4F44-8610-ECC93C7DFE14}.Release|Mixed Platforms.ActiveCfg = Release|x86
		{5A16AB14-D59D-4F44-8610-ECC93C7DFE14}.Release|Mixed Platforms.Build.0 = Release|x86
		{5A16AB14-D59D-4F44-8610-ECC93C7DFE14}.Release|x86.ActiveCfg = Release|x86
		{5A16AB14-D59D-4F44-8610-ECC93C7DFE14}.Release|x86.Build.0 = Release|x86
		{915B1014-3668-49CE-9A7C-E2733FCC8BB4}.Debug|Any CPU.ActiveCfg = Debug|x86
		{915B1014-3668-49CE-9A7C-E2733FCC8BB4}.Debug|Mixed Platforms.ActiveCfg = Debug|x86
		{915B1014-3668-49CE-9A7C-E2733FCC8BB4}.Debug|Mixed Platforms.Build.0 = Debug|x86
		{915B1014-3668-49CE-9A7C-E2733FCC8BB4}.Debug|x86.ActiveCfg = Debug|x86
		{915B1014-3668-49CE-9A7C-E2733FCC8BB4}.Debug|x86.Build.0 = Debug|x86
		{915B1014-3668-49CE-9A7C-E2733FCC8BB4}.Release|Any CPU.ActiveCfg = Release|x86
		{915B1014-3668-49CE-9A7C-E2733FCC8BB4}.Release|Mixed Platforms.ActiveCfg = Release|x86
		{915B1014-3668-49CE-9A7C-E2733FCC8BB4}.Release|Mixed Platforms.Build.0 = Release|x86
		{915B1014-3668-49CE-9A7C-E2733FCC8BB4}.Release|x86.ActiveCfg = Release|x86
		{915B1014-3668-49CE-9A7C-E2733FCC8BB4}.Release|x86.Build.0 = Release|x86
		{CD2E24A9-3ED3-4F55-B7CF-5C526DDA3386}.Debug|Any CPU.ActiveCfg = Debug|x86
		{CD2E24A9-3ED3-4F55-B7CF-5C526DDA3386}.Debug|Mixed Platforms.ActiveCfg = Debug|x86
		{CD2E24A9-3ED3-4F55-B7CF-5C526DDA3386}.Debug|Mixed Platforms.Build.0 = Debug|x86
		{CD2E24A9-3ED3-4F55-B7CF-5C526DDA3386}.Debug|x86.ActiveCfg = Debug|x86
		{CD2E24A9-3ED3-4F55-B7CF-5C526DDA3386}.Debug|x86.Build.0 = Debug|x86
		{CD2E24A9-3ED3-4F55-B7CF-5C526DDA3386}.Release|Any CPU.ActiveCfg = Release|x86
		{CD2E24A9-3ED3-4F55-B7CF-5C526DDA3386}.Release|Mixed Platforms.ActiveCfg = Release|x86
		{CD2E24A9-3ED3-4F55-B7CF-5C526DDA3386}.Release|Mixed Platforms.Build.0 = Release|x86
		{CD2E24A9-3ED3-4F55-B7CF-5C526DDA3386}.Release|x86.ActiveCfg = Release|x86
		{CD2E24A9-3ED3-4F55-B7CF-5C526DDA3386}.Release|x86.Build.0 = Release|x86
		{C5694C39-2BA9-41E3-8D4D-F8ECD373B458}.Debug|Any CPU.ActiveCfg = Debug|x86
		{C5694C39-2BA9-41E3-8D4D-F8ECD373B458}.Debug|Mixed Platforms.ActiveCfg = Debug|x86
		{C5694C39-2BA9-41E3-8D4D-F8ECD373B458}.Debug|Mixed Platforms.Build.0 = Debug|x86
		{C5694C39-2BA9-41E3-8D4D-F8ECD373B458}.Debug|x86.ActiveCfg = Debug|x86
		{C5694C39-2BA9-41E3-8D4D-F8ECD373B458}.Debug|x86.Build.0 = Debug|x86
		{C5694C39-2BA9-41E3-8D4D-F8ECD373B458}.Release|Any CPU.ActiveCfg = Release|x86
		{C5694C39-2BA9-41E3-8D4D-F8ECD373B458}.Release|Mixed Platforms.ActiveCfg = Release|x86
		{C5694C39-2BA9-41E3-8D4D-F8ECD373B458}.Release|Mixed Platforms.Build.0 = Release|x86
		{C5694C39-2BA9-41E3-8D4D-F8ECD373B458}.Release|x86.ActiveCfg = Release|x86
		{C5694C39-2BA9-41E3-8D4D-F8ECD373B458}.Release|x86.Build.0 = Release|x86
		{0E2E567E-EC3B-4C35-8699-5FF3BF4C5EB6}.Debug|Any CPU.ActiveCfg = Debug|Any CPU
		{0E2E567E-EC3B-4C35-8699-5FF3BF4C5EB6}.Debug|Any CPU.Build.0 = Debug|Any CPU
		{0E2E567E-EC3B-4C35-8699-5FF3BF4C5EB6}.Debug|Mixed Platforms.ActiveCfg = Debug|Any CPU
		{0E2E567E-EC3B-4C35-8699-5FF3BF4C5EB6}.Debug|Mixed Platforms.Build.0 = Debug|Any CPU
		{0E2E567E-EC3B-4C35-8699-5FF3BF4C5EB6}.Debug|x86.ActiveCfg = Debug|Any CPU
		{0E2E567E-EC3B-4C35-8699-5FF3BF4C5EB6}.Release|Any CPU.ActiveCfg = Release|Any CPU
		{0E2E567E-EC3B-4C35-8699-5FF3BF4C5EB6}.Release|Any CPU.Build.0 = Release|Any CPU
		{0E2E567E-EC3B-4C35-8699-5FF3BF4C5EB6}.Release|Mixed Platforms.ActiveCfg = Release|Any CPU
		{0E2E567E-EC3B-4C35-8699-5FF3BF4C5EB6}.Release|Mixed Platforms.Build.0 = Release|Any CPU
		{0E2E567E-EC3B-4C35-8699-5FF3BF4C5EB6}.Release|x86.ActiveCfg = Release|Any CPU
		{916584DA-AB74-4584-BA24-C8D5F0971052}.Debug|Any CPU.ActiveCfg = Debug|Any CPU
		{916584DA-AB74-4584-BA24-C8D5F0971052}.Debug|Any CPU.Build.0 = Debug|Any CPU
		{916584DA-AB74-4584-BA24-C8D5F0971052}.Debug|Mixed Platforms.ActiveCfg = Debug|Any CPU
		{916584DA-AB74-4584-BA24-C8D5F0971052}.Debug|Mixed Platforms.Build.0 = Debug|Any CPU
		{916584DA-AB74-4584-BA24-C8D5F0971052}.Debug|x86.ActiveCfg = Debug|Any CPU
		{916584DA-AB74-4584-BA24-C8D5F0971052}.Release|Any CPU.ActiveCfg = Release|Any CPU
		{916584DA-AB74-4584-BA24-C8D5F0971052}.Release|Any CPU.Build.0 = Release|Any CPU
		{916584DA-AB74-4584-BA24-C8D5F0971052}.Release|Mixed Platforms.ActiveCfg = Release|Any CPU
		{916584DA-AB74-4584-BA24-C8D5F0971052}.Release|Mixed Platforms.Build.0 = Release|Any CPU
		{916584DA-AB74-4584-BA24-C8D5F0971052}.Release|x86.ActiveCfg = Release|Any CPU
		{0898C2C1-6C97-4B65-B786-ABFB13E672F7}.Debug|Any CPU.ActiveCfg = Debug|Any CPU
		{0898C2C1-6C97-4B65-B786-ABFB13E672F7}.Debug|Any CPU.Build.0 = Debug|Any CPU
		{0898C2C1-6C97-4B65-B786-ABFB13E672F7}.Debug|Mixed Platforms.ActiveCfg = Debug|Any CPU
		{0898C2C1-6C97-4B65-B786-ABFB13E672F7}.Debug|Mixed Platforms.Build.0 = Debug|Any CPU
		{0898C2C1-6C97-4B65-B786-ABFB13E672F7}.Debug|x86.ActiveCfg = Debug|Any CPU
		{0898C2C1-6C97-4B65-B786-ABFB13E672F7}.Release|Any CPU.ActiveCfg = Release|Any CPU
		{0898C2C1-6C97-4B65-B786-ABFB13E672F7}.Release|Any CPU.Build.0 = Release|Any CPU
		{0898C2C1-6C97-4B65-B786-ABFB13E672F7}.Release|Mixed Platforms.ActiveCfg = Release|Any CPU
		{0898C2C1-6C97-4B65-B786-ABFB13E672F7}.Release|Mixed Platforms.Build.0 = Release|Any CPU
		{0898C2C1-6C97-4B65-B786-ABFB13E672F7}.Release|x86.ActiveCfg = Release|Any CPU
		{D129BCE2-00B4-4274-8E14-AD9D54D38B01}.Debug|Any CPU.ActiveCfg = Debug|Any CPU
		{D129BCE2-00B4-4274-8E14-AD9D54D38B01}.Debug|Any CPU.Build.0 = Debug|Any CPU
		{D129BCE2-00B4-4274-8E14-AD9D54D38B01}.Debug|Mixed Platforms.ActiveCfg = Debug|Any CPU
		{D129BCE2-00B4-4274-8E14-AD9D54D38B01}.Debug|Mixed Platforms.Build.0 = Debug|Any CPU
		{D129BCE2-00B4-4274-8E14-AD9D54D38B01}.Debug|x86.ActiveCfg = Debug|Any CPU
		{D129BCE2-00B4-4274-8E14-AD9D54D38B01}.Release|Any CPU.ActiveCfg = Release|Any CPU
		{D129BCE2-00B4-4274-8E14-AD9D54D38B01}.Release|Any CPU.Build.0 = Release|Any CPU
		{D129BCE2-00B4-4274-8E14-AD9D54D38B01}.Release|Mixed Platforms.ActiveCfg = Release|Any CPU
		{D129BCE2-00B4-4274-8E14-AD9D54D38B01}.Release|Mixed Platforms.Build.0 = Release|Any CPU
		{D129BCE2-00B4-4274-8E14-AD9D54D38B01}.Release|x86.ActiveCfg = Release|Any CPU
		{BF91E24B-EB0E-4120-9A1A-C71A1115172A}.Debug|Any CPU.ActiveCfg = Debug|Any CPU
		{BF91E24B-EB0E-4120-9A1A-C71A1115172A}.Debug|Any CPU.Build.0 = Debug|Any CPU
		{BF91E24B-EB0E-4120-9A1A-C71A1115172A}.Debug|Mixed Platforms.ActiveCfg = Debug|Any CPU
		{BF91E24B-EB0E-4120-9A1A-C71A1115172A}.Debug|Mixed Platforms.Build.0 = Debug|Any CPU
		{BF91E24B-EB0E-4120-9A1A-C71A1115172A}.Debug|x86.ActiveCfg = Debug|Any CPU
		{BF91E24B-EB0E-4120-9A1A-C71A1115172A}.Release|Any CPU.ActiveCfg = Release|Any CPU
		{BF91E24B-EB0E-4120-9A1A-C71A1115172A}.Release|Any CPU.Build.0 = Release|Any CPU
		{BF91E24B-EB0E-4120-9A1A-C71A1115172A}.Release|Mixed Platforms.ActiveCfg = Release|Any CPU
		{BF91E24B-EB0E-4120-9A1A-C71A1115172A}.Release|Mixed Platforms.Build.0 = Release|Any CPU
		{BF91E24B-EB0E-4120-9A1A-C71A1115172A}.Release|x86.ActiveCfg = Release|Any CPU
		{71DE664D-3DCA-4F7A-8E44-412033A605C3}.Debug|Any CPU.ActiveCfg = Debug|Any CPU
		{71DE664D-3DCA-4F7A-8E44-412033A605C3}.Debug|Any CPU.Build.0 = Debug|Any CPU
		{71DE664D-3DCA-4F7A-8E44-412033A605C3}.Debug|Mixed Platforms.ActiveCfg = Debug|Any CPU
		{71DE664D-3DCA-4F7A-8E44-412033A605C3}.Debug|Mixed Platforms.Build.0 = Debug|Any CPU
		{71DE664D-3DCA-4F7A-8E44-412033A605C3}.Debug|x86.ActiveCfg = Debug|Any CPU
		{71DE664D-3DCA-4F7A-8E44-412033A605C3}.Release|Any CPU.ActiveCfg = Release|Any CPU
		{71DE664D-3DCA-4F7A-8E44-412033A605C3}.Release|Any CPU.Build.0 = Release|Any CPU
		{71DE664D-3DCA-4F7A-8E44-412033A605C3}.Release|Mixed Platforms.ActiveCfg = Release|Any CPU
		{71DE664D-3DCA-4F7A-8E44-412033A605C3}.Release|Mixed Platforms.Build.0 = Release|Any CPU
		{71DE664D-3DCA-4F7A-8E44-412033A605C3}.Release|x86.ActiveCfg = Release|Any CPU
	EndGlobalSection
	GlobalSection(SolutionProperties) = preSolution
		HideSolutionNode = FALSE
	EndGlobalSection
EndGlobal
